
Microsoft Visual Studio Solution File, Format Version 12.00
# Visual Studio Version 17
VisualStudioVersion = 17.5.33627.172
MinimumVisualStudioVersion = 10.0.40219.1
Project("{FAE04EC0-301F-11D3-BF4B-00C04F79EFBC}") = "Phoenix3D", "Phoenix3D\Phoenix3D.csproj", "{77535028-0F82-41BE-8185-1FC58D1B0D1A}"
EndProject
Project("{FAE04EC0-301F-11D3-BF4B-00C04F79EFBC}") = "Phoenix3D_Components", "Phoenix3DComponents\Phoenix3D_Components.csproj", "{24C68DAC-406C-422E-B6BF-BCE938F1699B}"
EndProject
Global
	GlobalSection(SolutionConfigurationPlatforms) = preSolution
		Debug|Any CPU = Debug|Any CPU
		Release|Any CPU = Release|Any CPU
	EndGlobalSection
	GlobalSection(ProjectConfigurationPlatforms) = postSolution
		{77535028-0F82-41BE-8185-1FC58D1B0D1A}.Debug|Any CPU.ActiveCfg = Debug|Any CPU
		{77535028-0F82-41BE-8185-1FC58D1B0D1A}.Debug|Any CPU.Build.0 = Debug|Any CPU
		{77535028-0F82-41BE-8185-1FC58D1B0D1A}.Release|Any CPU.ActiveCfg = Release|Any CPU
		{77535028-0F82-41BE-8185-1FC58D1B0D1A}.Release|Any CPU.Build.0 = Release|Any CPU
		{24C68DAC-406C-422E-B6BF-BCE938F1699B}.Debug|Any CPU.ActiveCfg = Debug|Any CPU
		{24C68DAC-406C-422E-B6BF-BCE938F1699B}.Debug|Any CPU.Build.0 = Debug|Any CPU
		{24C68DAC-406C-422E-B6BF-BCE938F1699B}.Release|Any CPU.ActiveCfg = Release|Any CPU
		{24C68DAC-406C-422E-B6BF-BCE938F1699B}.Release|Any CPU.Build.0 = Release|Any CPU
	EndGlobalSection
	GlobalSection(SolutionProperties) = preSolution
		HideSolutionNode = FALSE
	EndGlobalSection
	GlobalSection(ExtensibilityGlobals) = postSolution
		SolutionGuid = {56175A32-6D37-448E-B3E9-1BF54AED2B58}
	EndGlobalSection
EndGlobal
